
Microsoft Visual Studio Solution File, Format Version 12.00
# Visual Studio Version 16
VisualStudioVersion = 16.0.31025.194
MinimumVisualStudioVersion = 10.0.40219.1
Project("{FAE04EC0-301F-11D3-BF4B-00C04F79EFBC}") = "AlgoSetup v2.0", "AlgoSetup v2.0.csproj", "{1FF61A70-222E-4CAA-B2FE-E07F28F1E489}"
EndProject
Global
	GlobalSection(SolutionConfigurationPlatforms) = preSolution
		Debug|Any CPU = Debug|Any CPU
		Release|Any CPU = Release|Any CPU
	EndGlobalSection
	GlobalSection(ProjectConfigurationPlatforms) = postSolution
		{1FF61A70-222E-4CAA-B2FE-E07F28F1E489}.Debug|Any CPU.ActiveCfg = Debug|Any CPU
		{1FF61A70-222E-4CAA-B2FE-E07F28F1E489}.Debug|Any CPU.Build.0 = Debug|Any CPU
		{1FF61A70-222E-4CAA-B2FE-E07F28F1E489}.Release|Any CPU.ActiveCfg = Release|Any CPU
		{1FF61A70-222E-4CAA-B2FE-E07F28F1E489}.Release|Any CPU.Build.0 = Release|Any CPU
	EndGlobalSection
	GlobalSection(SolutionProperties) = preSolution
		HideSolutionNode = FALSE
	EndGlobalSection
	GlobalSection(ExtensibilityGlobals) = postSolution
		SolutionGuid = {96238D77-9D5A-4E94-9ED1-AFCFABACE3A5}
	EndGlobalSection
EndGlobal
